
Microsoft Visual Studio Solution File, Format Version 12.00
# Visual Studio Version 17
VisualStudioVersion = 17.4.33110.190
MinimumVisualStudioVersion = 10.0.40219.1
Project("{FAE04EC0-301F-11D3-BF4B-00C04F79EFBC}") = "PL", "PL\PL.csproj", "{44A7911A-80B8-43AD-A5FC-039E37FDAE4A}"
EndProject
Project("{FAE04EC0-301F-11D3-BF4B-00C04F79EFBC}") = "DL", "DL\DL.csproj", "{2D2D0B94-AB4A-46A5-9E2B-CA567DCB9139}"
EndProject
Project("{FAE04EC0-301F-11D3-BF4B-00C04F79EFBC}") = "BL", "BL\BL.csproj", "{82E50BCB-BB64-4617-921D-D019C7D823EC}"
EndProject
Project("{FAE04EC0-301F-11D3-BF4B-00C04F79EFBC}") = "ML", "ML\ML.csproj", "{B670EDE5-DC54-4431-92EC-896E8C2CE767}"
EndProject
Global
	GlobalSection(SolutionConfigurationPlatforms) = preSolution
		Debug|Any CPU = Debug|Any CPU
		Release|Any CPU = Release|Any CPU
	EndGlobalSection
	GlobalSection(ProjectConfigurationPlatforms) = postSolution
		{44A7911A-80B8-43AD-A5FC-039E37FDAE4A}.Debug|Any CPU.ActiveCfg = Debug|Any CPU
		{44A7911A-80B8-43AD-A5FC-039E37FDAE4A}.Debug|Any CPU.Build.0 = Debug|Any CPU
		{44A7911A-80B8-43AD-A5FC-039E37FDAE4A}.Release|Any CPU.ActiveCfg = Release|Any CPU
		{44A7911A-80B8-43AD-A5FC-039E37FDAE4A}.Release|Any CPU.Build.0 = Release|Any CPU
		{2D2D0B94-AB4A-46A5-9E2B-CA567DCB9139}.Debug|Any CPU.ActiveCfg = Debug|Any CPU
		{2D2D0B94-AB4A-46A5-9E2B-CA567DCB9139}.Debug|Any CPU.Build.0 = Debug|Any CPU
		{2D2D0B94-AB4A-46A5-9E2B-CA567DCB9139}.Release|Any CPU.ActiveCfg = Release|Any CPU
		{2D2D0B94-AB4A-46A5-9E2B-CA567DCB9139}.Release|Any CPU.Build.0 = Release|Any CPU
		{82E50BCB-BB64-4617-921D-D019C7D823EC}.Debug|Any CPU.ActiveCfg = Debug|Any CPU
		{82E50BCB-BB64-4617-921D-D019C7D823EC}.Debug|Any CPU.Build.0 = Debug|Any CPU
		{82E50BCB-BB64-4617-921D-D019C7D823EC}.Release|Any CPU.ActiveCfg = Release|Any CPU
		{82E50BCB-BB64-4617-921D-D019C7D823EC}.Release|Any CPU.Build.0 = Release|Any CPU
		{B670EDE5-DC54-4431-92EC-896E8C2CE767}.Debug|Any CPU.ActiveCfg = Debug|Any CPU
		{B670EDE5-DC54-4431-92EC-896E8C2CE767}.Debug|Any CPU.Build.0 = Debug|Any CPU
		{B670EDE5-DC54-4431-92EC-896E8C2CE767}.Release|Any CPU.ActiveCfg = Release|Any CPU
		{B670EDE5-DC54-4431-92EC-896E8C2CE767}.Release|Any CPU.Build.0 = Release|Any CPU
	EndGlobalSection
	GlobalSection(SolutionProperties) = preSolution
		HideSolutionNode = FALSE
	EndGlobalSection
	GlobalSection(ExtensibilityGlobals) = postSolution
		SolutionGuid = {442143A4-628E-4AAD-BA07-FE11FA7850E8}
	EndGlobalSection
EndGlobal
